// !$*UTF8*$!
{
	archiveVersion = 1;
	classes = {
	};
	objectVersion = 46;
	objects = {

/* Begin PBXBuildFile section */
		2EFCCD691D37217A00E56276 /* AppDelegate.m in Sources */ = {isa = PBXBuildFile; fileRef = 2EFCCD681D37217A00E56276 /* AppDelegate.m */; };
		2EFCCD6C1D37217A00E56276 /* main.m in Sources */ = {isa = PBXBuildFile; fileRef = 2EFCCD6B1D37217A00E56276 /* main.m */; };
		2EFCCD6F1D37217A00E56276 /* ViewController.m in Sources */ = {isa = PBXBuildFile; fileRef = 2EFCCD6E1D37217A00E56276 /* ViewController.m */; };
		2EFCCD711D37217A00E56276 /* Assets.xcassets in Resources */ = {isa = PBXBuildFile; fileRef = 2EFCCD701D37217A00E56276 /* Assets.xcassets */; };
		2EFCCD741D37217A00E56276 /* Main.storyboard in Resources */ = {isa = PBXBuildFile; fileRef = 2EFCCD721D37217A00E56276 /* Main.storyboard */; };
		2EFCCD7F1D37217A00E56276 /* uTime_OSXTests.m in Sources */ = {isa = PBXBuildFile; fileRef = 2EFCCD7E1D37217A00E56276 /* uTime_OSXTests.m */; };
		2EFCCD8A1D37217A00E56276 /* uTime_OSXUITests.m in Sources */ = {isa = PBXBuildFile; fileRef = 2EFCCD891D37217A00E56276 /* uTime_OSXUITests.m */; };
/* End PBXBuildFile section */

/* Begin PBXContainerItemProxy section */
		2EFCCD7B1D37217A00E56276 /* PBXContainerItemProxy */ = {
			isa = PBXContainerItemProxy;
			containerPortal = 2EFCCD5C1D37217A00E56276 /* Project object */;
			proxyType = 1;
			remoteGlobalIDString = 2EFCCD631D37217A00E56276;
			remoteInfo = "uTime OSX";
		};
		2EFCCD861D37217A00E56276 /* PBXContainerItemProxy */ = {
			isa = PBXContainerItemProxy;
			containerPortal = 2EFCCD5C1D37217A00E56276 /* Project object */;
			proxyType = 1;
			remoteGlobalIDString = 2EFCCD631D37217A00E56276;
			remoteInfo = "uTime OSX";
		};
/* End PBXContainerItemProxy section */

/* Begin PBXFileReference section */
		2EFCCD641D37217A00E56276 /* uTime OSX.app */ = {isa = PBXFileReference; explicitFileType = wrapper.application; includeInIndex = 0; path = "uTime OSX.app"; sourceTree = BUILT_PRODUCTS_DIR; };
		2EFCCD671D37217A00E56276 /* AppDelegate.h */ = {isa = PBXFileReference; lastKnownFileType = sourcecode.c.h; path = AppDelegate.h; sourceTree = "<group>"; };
		2EFCCD681D37217A00E56276 /* AppDelegate.m */ = {isa = PBXFileReference; lastKnownFileType = sourcecode.c.objc; path = AppDelegate.m; sourceTree = "<group>"; };
		2EFCCD6B1D37217A00E56276 /* main.m */ = {isa = PBXFileReference; lastKnownFileType = sourcecode.c.objc; path = main.m; sourceTree = "<group>"; };
		2EFCCD6D1D37217A00E56276 /* ViewController.h */ = {isa = PBXFileReference; lastKnownFileType = sourcecode.c.h; path = ViewController.h; sourceTree = "<group>"; };
		2EFCCD6E1D37217A00E56276 /* ViewController.m */ = {isa = PBXFileReference; lastKnownFileType = sourcecode.c.objc; path = ViewController.m; sourceTree = "<group>"; };
		2EFCCD701D37217A00E56276 /* Assets.xcassets */ = {isa = PBXFileReference; lastKnownFileType = folder.assetcatalog; path = Assets.xcassets; sourceTree = "<group>"; };
		2EFCCD731D37217A00E56276 /* Base */ = {isa = PBXFileReference; lastKnownFileType = file.storyboard; name = Base; path = Base.lproj/Main.storyboard; sourceTree = "<group>"; };
		2EFCCD751D37217A00E56276 /* Info.plist */ = {isa = PBXFileReference; lastKnownFileType = text.plist.xml; path = Info.plist; sourceTree = "<group>"; };
		2EFCCD7A1D37217A00E56276 /* uTime OSXTests.xctest */ = {isa = PBXFileReference; explicitFileType = wrapper.cfbundle; includeInIndex = 0; path = "uTime OSXTests.xctest"; sourceTree = BUILT_PRODUCTS_DIR; };
		2EFCCD7E1D37217A00E56276 /* uTime_OSXTests.m */ = {isa = PBXFileReference; lastKnownFileType = sourcecode.c.objc; path = uTime_OSXTests.m; sourceTree = "<group>"; };
		2EFCCD801D37217A00E56276 /* Info.plist */ = {isa = PBXFileReference; lastKnownFileType = text.plist.xml; path = Info.plist; sourceTree = "<group>"; };
		2EFCCD851D37217A00E56276 /* uTime OSXUITests.xctest */ = {isa = PBXFileReference; explicitFileType = wrapper.cfbundle; includeInIndex = 0; path = "uTime OSXUITests.xctest"; sourceTree = BUILT_PRODUCTS_DIR; };
		2EFCCD891D37217A00E56276 /* uTime_OSXUITests.m */ = {isa = PBXFileReference; lastKnownFileType = sourcecode.c.objc; path = uTime_OSXUITests.m; sourceTree = "<group>"; };
		2EFCCD8B1D37217A00E56276 /* Info.plist */ = {isa = PBXFileReference; lastKnownFileType = text.plist.xml; path = Info.plist; sourceTree = "<group>"; };
/* End PBXFileReference section */

/* Begin PBXFrameworksBuildPhase section */
		2EFCCD611D37217A00E56276 /* Frameworks */ = {
			isa = PBXFrameworksBuildPhase;
			buildActionMask = 2147483647;
			files = (
			);
			runOnlyForDeploymentPostprocessing = 0;
		};
		2EFCCD771D37217A00E56276 /* Frameworks */ = {
			isa = PBXFrameworksBuildPhase;
			buildActionMask = 2147483647;
			files = (
			);
			runOnlyForDeploymentPostprocessing = 0;
		};
		2EFCCD821D37217A00E56276 /* Frameworks */ = {
			isa = PBXFrameworksBuildPhase;
			buildActionMask = 2147483647;
			files = (
			);
			runOnlyForDeploymentPostprocessing = 0;
		};
/* End PBXFrameworksBuildPhase section */

/* Begin PBXGroup section */
		2EFCCD5B1D37217A00E56276 = {
			isa = PBXGroup;
			children = (
				2EFCCD661D37217A00E56276 /* uTime OSX */,
				2EFCCD7D1D37217A00E56276 /* uTime OSXTests */,
				2EFCCD881D37217A00E56276 /* uTime OSXUITests */,
				2EFCCD651D37217A00E56276 /* Products */,
			);
			sourceTree = "<group>";
		};
		2EFCCD651D37217A00E56276 /* Products */ = {
			isa = PBXGroup;
			children = (
				2EFCCD641D37217A00E56276 /* uTime OSX.app */,
				2EFCCD7A1D37217A00E56276 /* uTime OSXTests.xctest */,
				2EFCCD851D37217A00E56276 /* uTime OSXUITests.xctest */,
			);
			name = Products;
			sourceTree = "<group>";
		};
		2EFCCD661D37217A00E56276 /* uTime OSX */ = {
			isa = PBXGroup;
			children = (
				2EFCCD671D37217A00E56276 /* AppDelegate.h */,
				2EFCCD681D37217A00E56276 /* AppDelegate.m */,
				2EFCCD6D1D37217A00E56276 /* ViewController.h */,
				2EFCCD6E1D37217A00E56276 /* ViewController.m */,
				2EFCCD701D37217A00E56276 /* Assets.xcassets */,
				2EFCCD721D37217A00E56276 /* Main.storyboard */,
				2EFCCD751D37217A00E56276 /* Info.plist */,
				2EFCCD6A1D37217A00E56276 /* Supporting Files */,
			);
			path = "uTime OSX";
			sourceTree = "<group>";
		};
		2EFCCD6A1D37217A00E56276 /* Supporting Files */ = {
			isa = PBXGroup;
			children = (
				2EFCCD6B1D37217A00E56276 /* main.m */,
			);
			name = "Supporting Files";
			sourceTree = "<group>";
		};
		2EFCCD7D1D37217A00E56276 /* uTime OSXTests */ = {
			isa = PBXGroup;
			children = (
				2EFCCD7E1D37217A00E56276 /* uTime_OSXTests.m */,
				2EFCCD801D37217A00E56276 /* Info.plist */,
			);
			path = "uTime OSXTests";
			sourceTree = "<group>";
		};
		2EFCCD881D37217A00E56276 /* uTime OSXUITests */ = {
			isa = PBXGroup;
			children = (
				2EFCCD891D37217A00E56276 /* uTime_OSXUITests.m */,
				2EFCCD8B1D37217A00E56276 /* Info.plist */,
			);
			path = "uTime OSXUITests";
			sourceTree = "<group>";
		};
/* End PBXGroup section */

/* Begin PBXNativeTarget section */
		2EFCCD631D37217A00E56276 /* uTime OSX */ = {
			isa = PBXNativeTarget;
			buildConfigurationList = 2EFCCD8E1D37217A00E56276 /* Build configuration list for PBXNativeTarget "uTime OSX" */;
			buildPhases = (
				2EFCCD601D37217A00E56276 /* Sources */,
				2EFCCD611D37217A00E56276 /* Frameworks */,
				2EFCCD621D37217A00E56276 /* Resources */,
			);
			buildRules = (
			);
			dependencies = (
			);
			name = "uTime OSX";
			productName = "uTime OSX";
			productReference = 2EFCCD641D37217A00E56276 /* uTime OSX.app */;
			productType = "com.apple.product-type.application";
		};
		2EFCCD791D37217A00E56276 /* uTime OSXTests */ = {
			isa = PBXNativeTarget;
			buildConfigurationList = 2EFCCD911D37217A00E56276 /* Build configuration list for PBXNativeTarget "uTime OSXTests" */;
			buildPhases = (
				2EFCCD761D37217A00E56276 /* Sources */,
				2EFCCD771D37217A00E56276 /* Frameworks */,
				2EFCCD781D37217A00E56276 /* Resources */,
			);
			buildRules = (
			);
			dependencies = (
				2EFCCD7C1D37217A00E56276 /* PBXTargetDependency */,
			);
			name = "uTime OSXTests";
			productName = "uTime OSXTests";
			productReference = 2EFCCD7A1D37217A00E56276 /* uTime OSXTests.xctest */;
			productType = "com.apple.product-type.bundle.unit-test";
		};
		2EFCCD841D37217A00E56276 /* uTime OSXUITests */ = {
			isa = PBXNativeTarget;
			buildConfigurationList = 2EFCCD941D37217A00E56276 /* Build configuration list for PBXNativeTarget "uTime OSXUITests" */;
			buildPhases = (
				2EFCCD811D37217A00E56276 /* Sources */,
				2EFCCD821D37217A00E56276 /* Frameworks */,
				2EFCCD831D37217A00E56276 /* Resources */,
			);
			buildRules = (
			);
			dependencies = (
				2EFCCD871D37217A00E56276 /* PBXTargetDependency */,
			);
			name = "uTime OSXUITests";
			productName = "uTime OSXUITests";
			productReference = 2EFCCD851D37217A00E56276 /* uTime OSXUITests.xctest */;
			productType = "com.apple.product-type.bundle.ui-testing";
		};
/* End PBXNativeTarget section */

/* Begin PBXProject section */
		2EFCCD5C1D37217A00E56276 /* Project object */ = {
			isa = PBXProject;
			attributes = {
				LastUpgradeCheck = 0730;
				ORGANIZATIONNAME = "Matthew Jagiela";
				TargetAttributes = {
					2EFCCD631D37217A00E56276 = {
						CreatedOnToolsVersion = 7.3.1;
						DevelopmentTeam = MCRTE5CC2K;
					};
					2EFCCD791D37217A00E56276 = {
						CreatedOnToolsVersion = 7.3.1;
						TestTargetID = 2EFCCD631D37217A00E56276;
					};
					2EFCCD841D37217A00E56276 = {
						CreatedOnToolsVersion = 7.3.1;
						TestTargetID = 2EFCCD631D37217A00E56276;
					};
				};
			};
			buildConfigurationList = 2EFCCD5F1D37217A00E56276 /* Build configuration list for PBXProject "uTime OSX" */;
			compatibilityVersion = "Xcode 3.2";
			developmentRegion = English;
			hasScannedForEncodings = 0;
			knownRegions = (
				en,
				Base,
			);
			mainGroup = 2EFCCD5B1D37217A00E56276;
			productRefGroup = 2EFCCD651D37217A00E56276 /* Products */;
			projectDirPath = "";
			projectRoot = "";
			targets = (
				2EFCCD631D37217A00E56276 /* uTime OSX */,
				2EFCCD791D37217A00E56276 /* uTime OSXTests */,
				2EFCCD841D37217A00E56276 /* uTime OSXUITests */,
			);
		};
/* End PBXProject section */

/* Begin PBXResourcesBuildPhase section */
		2EFCCD621D37217A00E56276 /* Resources */ = {
			isa = PBXResourcesBuildPhase;
			buildActionMask = 2147483647;
			files = (
				2EFCCD711D37217A00E56276 /* Assets.xcassets in Resources */,
				2EFCCD741D37217A00E56276 /* Main.storyboard in Resources */,
			);
			runOnlyForDeploymentPostprocessing = 0;
		};
		2EFCCD781D37217A00E56276 /* Resources */ = {
			isa = PBXResourcesBuildPhase;
			buildActionMask = 2147483647;
			files = (
			);
			runOnlyForDeploymentPostprocessing = 0;
		};
		2EFCCD831D37217A00E56276 /* Resources */ = {
			isa = PBXResourcesBuildPhase;
			buildActionMask = 2147483647;
			files = (
			);
			runOnlyForDeploymentPostprocessing = 0;
		};
/* End PBXResourcesBuildPhase section */

/* Begin PBXSourcesBuildPhase section */
		2EFCCD601D37217A00E56276 /* Sources */ = {
			isa = PBXSourcesBuildPhase;
			buildActionMask = 2147483647;
			files = (
				2EFCCD6F1D37217A00E56276 /* ViewController.m in Sources */,
				2EFCCD6C1D37217A00E56276 /* main.m in Sources */,
				2EFCCD691D37217A00E56276 /* AppDelegate.m in Sources */,
			);
			runOnlyForDeploymentPostprocessing = 0;
		};
		2EFCCD761D37217A00E56276 /* Sources */ = {
			isa = PBXSourcesBuildPhase;
			buildActionMask = 2147483647;
			files = (
				2EFCCD7F1D37217A00E56276 /* uTime_OSXTests.m in Sources */,
			);
			runOnlyForDeploymentPostprocessing = 0;
		};
		2EFCCD811D37217A00E56276 /* Sources */ = {
			isa = PBXSourcesBuildPhase;
			buildActionMask = 2147483647;
			files = (
				2EFCCD8A1D37217A00E56276 /* uTime_OSXUITests.m in Sources */,
			);
			runOnlyForDeploymentPostprocessing = 0;
		};
/* End PBXSourcesBuildPhase section */

/* Begin PBXTargetDependency section */
		2EFCCD7C1D37217A00E56276 /* PBXTargetDependency */ = {
			isa = PBXTargetDependency;
			target = 2EFCCD631D37217A00E56276 /* uTime OSX */;
			targetProxy = 2EFCCD7B1D37217A00E56276 /* PBXContainerItemProxy */;
		};
		2EFCCD871D37217A00E56276 /* PBXTargetDependency */ = {
			isa = PBXTargetDependency;
			target = 2EFCCD631D37217A00E56276 /* uTime OSX */;
			targetProxy = 2EFCCD861D37217A00E56276 /* PBXContainerItemProxy */;
		};
/* End PBXTargetDependency section */

/* Begin PBXVariantGroup section */
		2EFCCD721D37217A00E56276 /* Main.storyboard */ = {
			isa = PBXVariantGroup;
			children = (
				2EFCCD731D37217A00E56276 /* Base */,
			);
			name = Main.storyboard;
			sourceTree = "<group>";
		};
/* End PBXVariantGroup section */

/* Begin XCBuildConfiguration section */
		2EFCCD8C1D37217A00E56276 /* Debug */ = {
			isa = XCBuildConfiguration;
			buildSettings = {
				ALWAYS_SEARCH_USER_PATHS = NO;
				CLANG_ANALYZER_NONNULL = YES;
				CLANG_CXX_LANGUAGE_STANDARD = "gnu++0x";
				CLANG_CXX_LIBRARY = "libc++";
				CLANG_ENABLE_MODULES = YES;
				CLANG_ENABLE_OBJC_ARC = YES;
				CLANG_WARN_BOOL_CONVERSION = YES;
				CLANG_WARN_CONSTANT_CONVERSION = YES;
				CLANG_WARN_DIRECT_OBJC_ISA_USAGE = YES_ERROR;
				CLANG_WARN_EMPTY_BODY = YES;
				CLANG_WARN_ENUM_CONVERSION = YES;
				CLANG_WARN_INT_CONVERSION = YES;
				CLANG_WARN_OBJC_ROOT_CLASS = YES_ERROR;
				CLANG_WARN_UNREACHABLE_CODE = YES;
				CLANG_WARN__DUPLICATE_METHOD_MATCH = YES;
				CODE_SIGN_IDENTITY = "-";
				COPY_PHASE_STRIP = NO;
				DEBUG_INFORMATION_FORMAT = dwarf;
				ENABLE_STRICT_OBJC_MSGSEND = YES;
				ENABLE_TESTABILITY = YES;
				GCC_C_LANGUAGE_STANDARD = gnu99;
				GCC_DYNAMIC_NO_PIC = NO;
				GCC_NO_COMMON_BLOCKS = YES;
				GCC_OPTIMIZATION_LEVEL = 0;
				GCC_PREPROCESSOR_DEFINITIONS = (
					"DEBUG=1",
					"$(inherited)",
				);
				GCC_WARN_64_TO_32_BIT_CONVERSION = YES;
				GCC_WARN_ABOUT_RETURN_TYPE = YES_ERROR;
				GCC_WARN_UNDECLARED_SELECTOR = YES;
				GCC_WARN_UNINITIALIZED_AUTOS = YES_AGGRESSIVE;
				GCC_WARN_UNUSED_FUNCTION = YES;
				GCC_WARN_UNUSED_VARIABLE = YES;
				MACOSX_DEPLOYMENT_TARGET = 10.12;
				MTL_ENABLE_DEBUG_INFO = YES;
				ONLY_ACTIVE_ARCH = YES;
				SDKROOT = macosx;
			};
			name = Debug;
		};
		2EFCCD8D1D37217A00E56276 /* Release */ = {
			isa = XCBuildConfiguration;
			buildSettings = {
				ALWAYS_SEARCH_USER_PATHS = NO;
				CLANG_ANALYZER_NONNULL = YES;
				CLANG_CXX_LANGUAGE_STANDARD = "gnu++0x";
				CLANG_CXX_LIBRARY = "libc++";
				CLANG_ENABLE_MODULES = YES;
				CLANG_ENABLE_OBJC_ARC = YES;
				CLANG_WARN_BOOL_CONVERSION = YES;
				CLANG_WARN_CONSTANT_CONVERSION = YES;
				CLANG_WARN_DIRECT_OBJC_ISA_USAGE = YES_ERROR;
				CLANG_WARN_EMPTY_BODY = YES;
				CLANG_WARN_ENUM_CONVERSION = YES;
				CLANG_WARN_INT_CONVERSION = YES;
				CLANG_WARN_OBJC_ROOT_CLASS = YES_ERROR;
				CLANG_WARN_UNREACHABLE_CODE = YES;
				CLANG_WARN__DUPLICATE_METHOD_MATCH = YES;
				CODE_SIGN_IDENTITY = "-";
				COPY_PHASE_STRIP = NO;
				DEBUG_INFORMATION_FORMAT = "dwarf-with-dsym";
				ENABLE_NS_ASSERTIONS = NO;
				ENABLE_STRICT_OBJC_MSGSEND = YES;
				GCC_C_LANGUAGE_STANDARD = gnu99;
				GCC_NO_COMMON_BLOCKS = YES;
				GCC_WARN_64_TO_32_BIT_CONVERSION = YES;
				GCC_WARN_ABOUT_RETURN_TYPE = YES_ERROR;
				GCC_WARN_UNDECLARED_SELECTOR = YES;
				GCC_WARN_UNINITIALIZED_AUTOS = YES_AGGRESSIVE;
				GCC_WARN_UNUSED_FUNCTION = YES;
				GCC_WARN_UNUSED_VARIABLE = YES;
				MACOSX_DEPLOYMENT_TARGET = 10.12;
				MTL_ENABLE_DEBUG_INFO = NO;
				SDKROOT = macosx;
			};
			name = Release;
		};
		2EFCCD8F1D37217A00E56276 /* Debug */ = {
			isa = XCBuildConfiguration;
			buildSettings = {
				ASSETCATALOG_COMPILER_APPICON_NAME = AppIcon;
				CODE_SIGN_IDENTITY = "Mac Developer";
				COMBINE_HIDPI_IMAGES = YES;
				INFOPLIST_FILE = "uTime OSX/Info.plist";
				LD_RUNPATH_SEARCH_PATHS = "$(inherited) @executable_path/../Frameworks";
				PRODUCT_BUNDLE_IDENTIFIER = "com.uapps.uTime.uTime-OSX";
				PRODUCT_NAME = "$(TARGET_NAME)";
			};
			name = Debug;
		};
		2EFCCD901D37217A00E56276 /* Release */ = {
			isa = XCBuildConfiguration;
			buildSettings = {
				ASSETCATALOG_COMPILER_APPICON_NAME = AppIcon;
				CODE_SIGN_IDENTITY = "Mac Developer";
				COMBINE_HIDPI_IMAGES = YES;
				INFOPLIST_FILE = "uTime OSX/Info.plist";
				LD_RUNPATH_SEARCH_PATHS = "$(inherited) @executable_path/../Frameworks";
				PRODUCT_BUNDLE_IDENTIFIER = "com.uapps.uTime.uTime-OSX";
				PRODUCT_NAME = "$(TARGET_NAME)";
			};
			name = Release;
		};
		2EFCCD921D37217A00E56276 /* Debug */ = {
			isa = XCBuildConfiguration;
			buildSettings = {
				BUNDLE_LOADER = "$(TEST_HOST)";
				COMBINE_HIDPI_IMAGES = YES;
				INFOPLIST_FILE = "uTime OSXTests/Info.plist";
				LD_RUNPATH_SEARCH_PATHS = "$(inherited) @executable_path/../Frameworks @loader_path/../Frameworks";
				PRODUCT_BUNDLE_IDENTIFIER = "com.uapps.uTime.uTime-OSXTests";
				PRODUCT_NAME = "$(TARGET_NAME)";
				TEST_HOST = "$(BUILT_PRODUCTS_DIR)/uTime OSX.app/Contents/MacOS/uTime OSX";
			};
			name = Debug;
		};
		2EFCCD931D37217A00E56276 /* Release */ = {
			isa = XCBuildConfiguration;
			buildSettings = {
				BUNDLE_LOADER = "$(TEST_HOST)";
				COMBINE_HIDPI_IMAGES = YES;
				INFOPLIST_FILE = "uTime OSXTests/Info.plist";
				LD_RUNPATH_SEARCH_PATHS = "$(inherited) @executable_path/../Frameworks @loader_path/../Frameworks";
				PRODUCT_BUNDLE_IDENTIFIER = "com.uapps.uTime.uTime-OSXTests";
				PRODUCT_NAME = "$(TARGET_NAME)";
				TEST_HOST = "$(BUILT_PRODUCTS_DIR)/uTime OSX.app/Contents/MacOS/uTime OSX";
			};
			name = Release;
		};
		2EFCCD951D37217A00E56276 /* Debug */ = {
			isa = XCBuildConfiguration;
			buildSettings = {
				COMBINE_HIDPI_IMAGES = YES;
				INFOPLIST_FILE = "uTime OSXUITests/Info.plist";
				LD_RUNPATH_SEARCH_PATHS = "$(inherited) @executable_path/../Frameworks @loader_path/../Frameworks";
				PRODUCT_BUNDLE_IDENTIFIER = "com.uapps.uTime.uTime-OSXUITests";
				PRODUCT_NAME = "$(TARGET_NAME)";
				TEST_TARGET_NAME = "uTime OSX";
			};
			name = Debug;
		};
		2EFCCD961D37217A00E56276 /* Release */ = {
			isa = XCBuildConfiguration;
			buildSettings = {
				COMBINE_HIDPI_IMAGES = YES;
				INFOPLIST_FILE = "uTime OSXUITests/Info.plist";
				LD_RUNPATH_SEARCH_PATHS = "$(inherited) @executable_path/../Frameworks @loader_path/../Frameworks";
				PRODUCT_BUNDLE_IDENTIFIER = "com.uapps.uTime.uTime-OSXUITests";
				PRODUCT_NAME = "$(TARGET_NAME)";
				TEST_TARGET_NAME = "uTime OSX";
			};
			name = Release;
		};
/* End XCBuildConfiguration section */

/* Begin XCConfigurationList section */
		2EFCCD5F1D37217A00E56276 /* Build configuration list for PBXProject "uTime OSX" */ = {
			isa = XCConfigurationList;
			buildConfigurations = (
				2EFCCD8C1D37217A00E56276 /* Debug */,
				2EFCCD8D1D37217A00E56276 /* Release */,
			);
			defaultConfigurationIsVisible = 0;
			defaultConfigurationName = Release;
		};
		2EFCCD8E1D37217A00E56276 /* Build configuration list for PBXNativeTarget "uTime OSX" */ = {
			isa = XCConfigurationList;
			buildConfigurations = (
				2EFCCD8F1D37217A00E56276 /* Debug */,
				2EFCCD901D37217A00E56276 /* Release */,
			);
			defaultConfigurationIsVisible = 0;
		};
		2EFCCD911D37217A00E56276 /* Build configuration list for PBXNativeTarget "uTime OSXTests" */ = {
			isa = XCConfigurationList;
			buildConfigurations = (
				2EFCCD921D37217A00E56276 /* Debug */,
				2EFCCD931D37217A00E56276 /* Release */,
			);
			defaultConfigurationIsVisible = 0;
		};
		2EFCCD941D37217A00E56276 /* Build configuration list for PBXNativeTarget "uTime OSXUITests" */ = {
			isa = XCConfigurationList;
			buildConfigurations = (
				2EFCCD951D37217A00E56276 /* Debug */,
				2EFCCD961D37217A00E56276 /* Release */,
			);
			defaultConfigurationIsVisible = 0;
		};
/* End XCConfigurationList section */
	};
	rootObject = 2EFCCD5C1D37217A00E56276 /* Project object */;
}
